<?xml version="1.0" encoding="utf-8"?>
<Project ToolsVersion="4.0" xmlns="http://schemas.microsoft.com/developer/msbuild/2003">
  <ItemGroup>
    <Filter Include="Headers">
      <UniqueIdentifier>{93995380-89BD-4b04-88EB-625FBE52EBFB}</UniqueIdentifier>
      <Extensions>h;hh;hpp;hxx;hm;inl;inc;ipp;xsd</Extensions>
    </Filter>
    <Filter Include="Sources">
      <UniqueIdentifier>{4FC737F1-C7A5-4376-A066-2A32D752A2FF}</UniqueIdentifier>
      <Extensions>cpp;c;cc;cxx;def;odl;idl;hpj;bat;asm;asmx</Extensions>
    </Filter>
    <Filter Include="Headers\Scene">
      <UniqueIdentifier>{d42b9ab0-5156-49f7-afaa-a61bf3836969}</UniqueIdentifier>
    </Filter>
    <Filter Include="Sources\Scene">
      <UniqueIdentifier>{33bcbe6b-244a-494c-bcec-ce9c33c22c5d}</UniqueIdentifier>
    </Filter>
    <Filter Include="Headers\Objects">
      <UniqueIdentifier>{f8c4b5cb-1038-4aa9-8932-d6fd1e49dd6e}</UniqueIdentifier>
    </Filter>
    <Filter Include="Headers\Characters">
      <UniqueIdentifier>{b3ac5d43-8b6d-484f-9f96-b588b27d3d7f}</UniqueIdentifier>
    </Filter>
    <Filter Include="Headers\Characters\Player">
      <UniqueIdentifier>{02957eb6-88ef-4da6-bdba-9c4ea6db032f}</UniqueIdentifier>
    </Filter>
    <Filter Include="Headers\Characters\Enemy">
      <UniqueIdentifier>{a61e33ae-f33f-45a8-94a7-f91ba3dd63b5}</UniqueIdentifier>
    </Filter>
    <Filter Include="Sources\Characters">
      <UniqueIdentifier>{ec1c12f0-794d-4505-aeb5-3d76ebcf3621}</UniqueIdentifier>
    </Filter>
    <Filter Include="Sources\Characters\Player">
      <UniqueIdentifier>{fdf4d319-64e0-4f75-a94b-5aed646eb007}</UniqueIdentifier>
    </Filter>
    <Filter Include="Headers\Objects\Stage">
      <UniqueIdentifier>{7f1cfc50-751d-40d0-bb73-c62e80e33e54}</UniqueIdentifier>
    </Filter>
    <Filter Include="Sources\Collision">
      <UniqueIdentifier>{44d46777-fd6a-49a2-a306-e0db986813df}</UniqueIdentifier>
    </Filter>
    <Filter Include="Sources\Blend">
      <UniqueIdentifier>{9613ce54-1c3d-4166-a663-eab42254b9b6}</UniqueIdentifier>
    </Filter>
    <Filter Include="Sources\Blend\AnimationBlending">
      <UniqueIdentifier>{3905a482-b0bd-4ece-b51f-31f0bebf3c50}</UniqueIdentifier>
    </Filter>
    <Filter Include="Sources\Blend\PartialAnimationsBlending">
      <UniqueIdentifier>{a71c8817-0838-4701-be01-aed2578dd942}</UniqueIdentifier>
    </Filter>
    <Filter Include="Headers\Blend">
      <UniqueIdentifier>{0edb6fb4-26d2-4825-baec-edae92d49d5d}</UniqueIdentifier>
    </Filter>
    <Filter Include="Headers\Blend\AnimationBlending">
      <UniqueIdentifier>{15019072-ad54-4917-ba0c-2feb9399d46f}</UniqueIdentifier>
    </Filter>
    <Filter Include="Headers\Blend\PartialAnimationsBlending">
      <UniqueIdentifier>{ff7734bc-0387-4a00-8d84-5d38756c17d9}</UniqueIdentifier>
    </Filter>
    <Filter Include="Headers\Collision">
      <UniqueIdentifier>{2f81d110-37f5-4315-b570-59abb722ebbb}</UniqueIdentifier>
    </Filter>
    <Filter Include="Sources\Characters\Enemy">
      <UniqueIdentifier>{2bdd4146-7c9d-47e0-9b4e-e6f8f60b6644}</UniqueIdentifier>
    </Filter>
    <Filter Include="Headers\Messeng">
      <UniqueIdentifier>{b751c32c-39e7-4139-8677-6c4254f98870}</UniqueIdentifier>
    </Filter>
    <Filter Include="Headers\Objects\Aim">
      <UniqueIdentifier>{b9c5c44f-b43c-46e3-8860-52d6e913cca6}</UniqueIdentifier>
    </Filter>
    <Filter Include="Sources\Object">
      <UniqueIdentifier>{c7499d5c-47dc-48bb-959d-a629966dd254}</UniqueIdentifier>
    </Filter>
    <Filter Include="Sources\Object\Stage">
      <UniqueIdentifier>{c5fccd82-89c1-4a19-89d5-728a4ec34740}</UniqueIdentifier>
    </Filter>
    <Filter Include="Sources\Object\Scope">
      <UniqueIdentifier>{2366ef6f-7695-443f-9e15-98ed91896bdf}</UniqueIdentifier>
    </Filter>
    <Filter Include="Sources\Object\Arrow">
      <UniqueIdentifier>{6d09ba99-f576-4766-8039-9f04cd6ae608}</UniqueIdentifier>
    </Filter>
    <Filter Include="Headers\Objects\Arrow">
      <UniqueIdentifier>{606e1fd7-e951-40a0-8257-e4604c7b54b1}</UniqueIdentifier>
    </Filter>
    <Filter Include="Sources\BehaviorTree">
      <UniqueIdentifier>{03a4091d-703a-4aef-bb47-535e551ad12f}</UniqueIdentifier>
    </Filter>
    <Filter Include="Headers\BehaviorTree">
      <UniqueIdentifier>{88c39791-9859-48b7-ac22-981cb4d86511}</UniqueIdentifier>
    </Filter>
    <Filter Include="Headers\BehaviorTree\Enemy">
      <UniqueIdentifier>{84e6bf47-b38a-4df3-933e-e097ce91f0b0}</UniqueIdentifier>
    </Filter>
    <Filter Include="Headers\BehaviorTree\Enemy\Node">
      <UniqueIdentifier>{8286618d-1559-4dcc-af25-d9c8317783da}</UniqueIdentifier>
    </Filter>
    <Filter Include="Headers\BehaviorTree\Enemy\Task">
      <UniqueIdentifier>{69ed6982-ad0e-43d1-82c9-22b4a4e6232a}</UniqueIdentifier>
    </Filter>
    <Filter Include="Sources\BehaviorTree\Task">
      <UniqueIdentifier>{deab16d0-8458-4816-b813-2cf259b45df8}</UniqueIdentifier>
    </Filter>
    <Filter Include="Headers\BehaviorTree\Enemy\Task\Attack">
      <UniqueIdentifier>{9f95d92b-a360-496f-a0b3-66e640b940fc}</UniqueIdentifier>
    </Filter>
    <Filter Include="Headers\BehaviorTree\Enemy\Task\Wait">
      <UniqueIdentifier>{5d252ed1-7a0a-4d55-a3ca-23a344d818ba}</UniqueIdentifier>
    </Filter>
    <Filter Include="Headers\BehaviorTree\Enemy\Task\Chase">
      <UniqueIdentifier>{6ac5fd1d-d38c-4ea8-8a88-e265311336a9}</UniqueIdentifier>
    </Filter>
    <Filter Include="Sources\BehaviorTree\Task\Wait">
      <UniqueIdentifier>{15fc6ab3-f022-48fb-9fe1-f8e8b89a44f3}</UniqueIdentifier>
    </Filter>
    <Filter Include="Sources\BehaviorTree\Task\Chase">
      <UniqueIdentifier>{c49127fc-4800-4cbb-802c-17c8ea1c7e0a}</UniqueIdentifier>
    </Filter>
    <Filter Include="Sources\BehaviorTree\Task\Attack">
      <UniqueIdentifier>{d9420afb-e61f-4904-af7b-63ebdca72ad9}</UniqueIdentifier>
    </Filter>
    <Filter Include="Headers\BehaviorTree\Enemy\Task\Attack\Near">
      <UniqueIdentifier>{072fc3f2-c581-4f71-a0ed-a517eb433fd2}</UniqueIdentifier>
    </Filter>
    <Filter Include="Headers\BehaviorTree\Enemy\Task\Attack\Far">
      <UniqueIdentifier>{e716576f-9857-48c3-9362-615a97640774}</UniqueIdentifier>
    </Filter>
    <Filter Include="Sources\BehaviorTree\Task\Attack\Near">
      <UniqueIdentifier>{bb986625-0e84-4bc5-85e4-12d9d37d6841}</UniqueIdentifier>
    </Filter>
    <Filter Include="Sources\BehaviorTree\Task\Attack\Far">
      <UniqueIdentifier>{23b94f7e-0ca7-4668-95a0-d5ebbdd2f9ec}</UniqueIdentifier>
    </Filter>
  </ItemGroup>
  <ItemGroup>
    <ClCompile Include="GameSource\Scene.cpp">
      <Filter>Sources\Scene</Filter>
    </ClCompile>
    <ClCompile Include="GameSource\SceneClear.cpp">
      <Filter>Sources\Scene</Filter>
    </ClCompile>
    <ClCompile Include="GameSource\SceneGame.cpp">
      <Filter>Sources\Scene</Filter>
    </ClCompile>
    <ClCompile Include="GameSource\SceneOver.cpp">
      <Filter>Sources\Scene</Filter>
    </ClCompile>
    <ClCompile Include="GameSource\SceneTitle.cpp">
      <Filter>Sources\Scene</Filter>
    </ClCompile>
    <ClCompile Include="GameSource\SceneTutorial.cpp">
      <Filter>Sources\Scene</Filter>
    </ClCompile>
    <ClCompile Include="GameSource\SaberCharacter.cpp">
      <Filter>Sources\Characters\Player</Filter>
    </ClCompile>
    <ClCompile Include="GameSource\AnimationBlending.cpp">
      <Filter>Sources\Blend\AnimationBlending</Filter>
    </ClCompile>
    <ClCompile Include="GameSource\Stage.cpp">
      <Filter>Sources\Object\Stage</Filter>
    </ClCompile>
    <ClCompile Include="GameSource\PartialBlendAnimation.cpp">
      <Filter>Sources\Blend\PartialAnimationsBlending</Filter>
    </ClCompile>
    <ClCompile Include="GameSource\DebugObject.cpp">
      <Filter>Sources\Collision</Filter>
    </ClCompile>
    <ClCompile Include="GameSource\ArcherCharacter.cpp">
      <Filter>Sources\Characters\Player</Filter>
    </ClCompile>
    <ClCompile Include="GameSource\FighterCharacter.cpp">
      <Filter>Sources\Characters\Player</Filter>
    </ClCompile>
    <ClCompile Include="GameSource\MetaAI.cpp">
      <Filter>Sources\Characters</Filter>
    </ClCompile>
    <ClCompile Include="GameSource\Enemy.cpp">
      <Filter>Sources\Characters\Enemy</Filter>
    </ClCompile>
    <ClCompile Include="GameSource\FighterState.cpp">
      <Filter>Sources\Characters\Player</Filter>
    </ClCompile>
    <ClCompile Include="GameSource\Collision.cpp">
      <Filter>Sources\Collision</Filter>
    </ClCompile>
    <ClCompile Include="GameSource\Scope.cpp">
      <Filter>Sources\Object\Scope</Filter>
    </ClCompile>
    <ClCompile Include="GameSource\Arrow.cpp">
      <Filter>Sources\Object\Arrow</Filter>
    </ClCompile>
    <ClCompile Include="GameSource\EnemyBehaviorTree.cpp">
      <Filter>Sources\BehaviorTree</Filter>
    </ClCompile>
    <ClCompile Include="GameSource\EnemyBehaviorNode.cpp">
      <Filter>Sources\BehaviorTree</Filter>
    </ClCompile>
    <ClCompile Include="GameSource\EnemyIntimidateTask.cpp">
      <Filter>Sources\BehaviorTree\Task\Wait</Filter>
    </ClCompile>
    <ClCompile Include="GameSource\EnemyRestTask.cpp">
      <Filter>Sources\BehaviorTree\Task\Wait</Filter>
    </ClCompile>
    <ClCompile Include="GameSource\EnemyChaseTask.cpp">
      <Filter>Sources\BehaviorTree\Task\Chase</Filter>
    </ClCompile>
    <ClCompile Include="GameSource\EnemyNearAttack0Task.cpp">
      <Filter>Sources\BehaviorTree\Task\Attack\Near</Filter>
    </ClCompile>
    <ClCompile Include="GameSource\EnemyNearAttack1Task.cpp">
      <Filter>Sources\BehaviorTree\Task\Attack\Near</Filter>
    </ClCompile>
    <ClCompile Include="GameSource\EnemyNearAttack2Task.cpp">
      <Filter>Sources\BehaviorTree\Task\Attack\Near</Filter>
    </ClCompile>
    <ClCompile Include="GameSource\EnemyNearSpecialAttack0Task.cpp">
      <Filter>Sources\BehaviorTree\Task\Attack\Near</Filter>
    </ClCompile>
    <ClCompile Include="GameSource\EnemyFarAttack0Task.cpp">
      <Filter>Sources\BehaviorTree\Task\Attack\Far</Filter>
    </ClCompile>
    <ClCompile Include="GameSource\EnemyFarAttack1Task.cpp">
      <Filter>Sources\BehaviorTree\Task\Attack\Far</Filter>
    </ClCompile>
    <ClCompile Include="GameSource\EnemyFarSpecialAttack0Task.cpp">
      <Filter>Sources\BehaviorTree\Task\Attack\Far</Filter>
    </ClCompile>
  </ItemGroup>
  <ItemGroup>
    <ClInclude Include="GameSource\Scene.h">
      <Filter>Headers\Scene</Filter>
    </ClInclude>
    <ClInclude Include="GameSource\SceneClear.h">
      <Filter>Headers\Scene</Filter>
    </ClInclude>
    <ClInclude Include="GameSource\SceneGame.h">
      <Filter>Headers\Scene</Filter>
    </ClInclude>
    <ClInclude Include="GameSource\SceneOver.h">
      <Filter>Headers\Scene</Filter>
    </ClInclude>
    <ClInclude Include="GameSource\SceneTitle.h">
      <Filter>Headers\Scene</Filter>
    </ClInclude>
    <ClInclude Include="GameSource\SceneTutorial.h">
      <Filter>Headers\Scene</Filter>
    </ClInclude>
    <ClInclude Include="GameSource\SaberCharacter.h">
      <Filter>Headers\Characters\Player</Filter>
    </ClInclude>
    <ClInclude Include="GameSource\AnimationBlend.h">
      <Filter>Headers\Blend\AnimationBlending</Filter>
    </ClInclude>
    <ClInclude Include="GameSource\Stage.h">
      <Filter>Headers\Objects\Stage</Filter>
    </ClInclude>
    <ClInclude Include="GameSource\PartialBlendAnimation.h">
      <Filter>Headers\Blend\PartialAnimationsBlending</Filter>
    </ClInclude>
    <ClInclude Include="GameSource\CharacterParameter.h">
      <Filter>Headers\Characters</Filter>
    </ClInclude>
    <ClInclude Include="GameSource\DebugObject.h">
      <Filter>Headers\Collision</Filter>
    </ClInclude>
    <ClInclude Include="GameSource\ArcherCharacter.h">
      <Filter>Headers\Characters\Player</Filter>
    </ClInclude>
    <ClInclude Include="GameSource\FighterCharacter.h">
      <Filter>Headers\Characters\Player</Filter>
    </ClInclude>
    <ClInclude Include="GameSource\Enemy.h">
      <Filter>Headers\Characters\Enemy</Filter>
    </ClInclude>
    <ClInclude Include="GameSource\MetaAI.h">
      <Filter>Headers\Characters</Filter>
    </ClInclude>
    <ClInclude Include="GameSource\CharacterAI.h">
      <Filter>Headers\Characters</Filter>
    </ClInclude>
    <ClInclude Include="GameSource\MessengType.h">
      <Filter>Headers\Messeng</Filter>
    </ClInclude>
    <ClInclude Include="GameSource\MessengTo.h">
      <Filter>Headers\Messeng</Filter>
    </ClInclude>
    <ClInclude Include="GameSource\State.h">
      <Filter>Headers\Characters</Filter>
    </ClInclude>
    <ClInclude Include="GameSource\FighterState.h">
      <Filter>Headers\Characters\Player</Filter>
    </ClInclude>
    <ClInclude Include="GameSource\Collision.h">
      <Filter>Headers\Collision</Filter>
    </ClInclude>
    <ClInclude Include="GameSource\Scope.h">
      <Filter>Headers\Objects\Aim</Filter>
    </ClInclude>
    <ClInclude Include="GameSource\Arrow.h">
      <Filter>Headers\Objects\Arrow</Filter>
    </ClInclude>
    <ClInclude Include="GameSource\EnemyBehaviorTree.h">
      <Filter>Headers\BehaviorTree\Enemy</Filter>
    </ClInclude>
    <ClInclude Include="GameSource\EnemyBehaviorTask.h">
      <Filter>Headers\BehaviorTree\Enemy</Filter>
    </ClInclude>
    <ClInclude Include="GameSource\EnemyBehaviorNode.h">
      <Filter>Headers\BehaviorTree\Enemy</Filter>
    </ClInclude>
    <ClInclude Include="GameSource\EnemyWaitNode.h">
      <Filter>Headers\BehaviorTree\Enemy\Node</Filter>
    </ClInclude>
    <ClInclude Include="GameSource\EnemyBattleNode.h">
      <Filter>Headers\BehaviorTree\Enemy\Node</Filter>
    </ClInclude>
    <ClInclude Include="GameSource\EnemyFightNode.h">
      <Filter>Headers\BehaviorTree\Enemy\Node</Filter>
    </ClInclude>
    <ClInclude Include="GameSource\EnemyChaseNode.h">
      <Filter>Headers\BehaviorTree\Enemy\Node</Filter>
    </ClInclude>
    <ClInclude Include="GameSource\EnemyFightNearNode.h">
      <Filter>Headers\BehaviorTree\Enemy\Node</Filter>
    </ClInclude>
    <ClInclude Include="GameSource\EnemyFightFarNode.h">
      <Filter>Headers\BehaviorTree\Enemy\Node</Filter>
    </ClInclude>
    <ClInclude Include="GameSource\EnemyNodeAll.h">
      <Filter>Headers\BehaviorTree\Enemy\Node</Filter>
    </ClInclude>
    <ClInclude Include="GameSource\EnemyRestTask.h">
      <Filter>Headers\BehaviorTree\Enemy\Task\Wait</Filter>
    </ClInclude>
    <ClInclude Include="GameSource\EnemyIntimidateTask.h">
      <Filter>Headers\BehaviorTree\Enemy\Task\Wait</Filter>
    </ClInclude>
    <ClInclude Include="GameSource\EnemyChaseTask.h">
      <Filter>Headers\BehaviorTree\Enemy\Task\Chase</Filter>
    </ClInclude>
    <ClInclude Include="GameSource\EnemyNearAttack0Task.h">
      <Filter>Headers\BehaviorTree\Enemy\Task\Attack\Near</Filter>
    </ClInclude>
    <ClInclude Include="GameSource\EnemyNearAttack1Task.h">
      <Filter>Headers\BehaviorTree\Enemy\Task\Attack\Near</Filter>
    </ClInclude>
    <ClInclude Include="GameSource\EnemyNearAttack2Task.h">
      <Filter>Headers\BehaviorTree\Enemy\Task\Attack\Near</Filter>
    </ClInclude>
    <ClInclude Include="GameSource\EnemyNearSpecialAttack0Task.h">
      <Filter>Headers\BehaviorTree\Enemy\Task\Attack\Near</Filter>
    </ClInclude>
    <ClInclude Include="GameSource\EnemyFarAttack0Task.h">
      <Filter>Headers\BehaviorTree\Enemy\Task\Attack\Far</Filter>
    </ClInclude>
    <ClInclude Include="GameSource\EnemyFarSpecialAttack0Task.h">
      <Filter>Headers\BehaviorTree\Enemy\Task\Attack\Far</Filter>
    </ClInclude>
    <ClInclude Include="GameSource\EnemyFarAttack1Task.h">
      <Filter>Headers\BehaviorTree\Enemy\Task\Attack\Far</Filter>
    </ClInclude>
  </ItemGroup>
</Project>